{
  "lockfileVersion": 1,
  "configVersion": 1,
  "workspaces": {
    "": {
      "name": "benchmarks",
      "dependencies": {
        "p-queue": "^9.3.3",
      },
    },
  },
  "packages": {
    "eventemitter3": ["eventemitter3@5.0.4", "", {}, "sha512-mlsTRyGaPBjPedk6Bvw+aqbsXDtoAyAzm5MO7JgU+yVRyMQ5O8bD4Kcci7BS85f93veegeCPkL8R4GLClnjLFw=="],

    "p-queue": ["p-queue@9.3.3", "", { "dependencies": { "eventemitter3": "^5.0.4", "p-timeout": "^7.0.0" } }, "sha512-NXAOdnEe5FsZJfT4oK84lE1Y5cFFdWlRuOo5tww8DyNMxyRXwn39fIkUtNLKppcPC+UYU/bXujNCUGDv01y7CA=="],

    "p-timeout": ["p-timeout@7.0.1", "", {}, "sha512-AxTM2wDGORHGEkPCt8yqxOTMgpfbEHqF51f/5fJCmwFC3C/zNcGT63SymH2ttOAaiIws2zVg4+izQCjrakcwHg=="],
  }
}
